
Microsoft Visual Studio Solution File, Format Version 12.00
# Visual Studio Version 16
VisualStudioVersion = 16.0.31321.278
MinimumVisualStudioVersion = 10.0.40219.1
Project("{FAE04EC0-301F-11D3-BF4B-00C04F79EFBC}") = "AMusicSync", "MusicSync\AMusicSync.csproj", "{4D346A4B-6AB6-41D7-AB4F-AF06EB7872EF}"
EndProject
Global
	GlobalSection(SolutionConfigurationPlatforms) = preSolution
		Debug|Any CPU = Debug|Any CPU
		Release|Any CPU = Release|Any CPU
	EndGlobalSection
	GlobalSection(ProjectConfigurationPlatforms) = postSolution
		{4D346A4B-6AB6-41D7-AB4F-AF06EB7872EF}.Debug|Any CPU.ActiveCfg = Debug|Any CPU
		{4D346A4B-6AB6-41D7-AB4F-AF06EB7872EF}.Debug|Any CPU.Build.0 = Debug|Any CPU
		{4D346A4B-6AB6-41D7-AB4F-AF06EB7872EF}.Release|Any CPU.ActiveCfg = Release|Any CPU
		{4D346A4B-6AB6-41D7-AB4F-AF06EB7872EF}.Release|Any CPU.Build.0 = Release|Any CPU
	EndGlobalSection
	GlobalSection(SolutionProperties) = preSolution
		HideSolutionNode = FALSE
	EndGlobalSection
	GlobalSection(ExtensibilityGlobals) = postSolution
		SolutionGuid = {F75CC62F-1BD9-4978-8720-56B955535C69}
	EndGlobalSection
EndGlobal
